
Microsoft Visual Studio Solution File, Format Version 12.00
# Visual Studio Version 17
VisualStudioVersion = 17.0.31825.309
MinimumVisualStudioVersion = 10.0.40219.1
Project("{FAE04EC0-301F-11D3-BF4B-00C04F79EFBC}") = "BlazorAppWithAuth", "BlazorAppWithAuth\BlazorAppWithAuth.csproj", "{84F1CBCA-E834-4F4D-87A3-09483DB5CE79}"
EndProject
Global
	GlobalSection(SolutionConfigurationPlatforms) = preSolution
		Debug|Any CPU = Debug|Any CPU
		Release|Any CPU = Release|Any CPU
	EndGlobalSection
	GlobalSection(ProjectConfigurationPlatforms) = postSolution
		{84F1CBCA-E834-4F4D-87A3-09483DB5CE79}.Debug|Any CPU.ActiveCfg = Debug|Any CPU
		{84F1CBCA-E834-4F4D-87A3-09483DB5CE79}.Debug|Any CPU.Build.0 = Debug|Any CPU
		{84F1CBCA-E834-4F4D-87A3-09483DB5CE79}.Release|Any CPU.ActiveCfg = Release|Any CPU
		{84F1CBCA-E834-4F4D-87A3-09483DB5CE79}.Release|Any CPU.Build.0 = Release|Any CPU
	EndGlobalSection
	GlobalSection(SolutionProperties) = preSolution
		HideSolutionNode = FALSE
	EndGlobalSection
	GlobalSection(ExtensibilityGlobals) = postSolution
		SolutionGuid = {4C2A4811-E827-43DE-9A85-997AE1490A08}
	EndGlobalSection
EndGlobal
